
Microsoft Visual Studio Solution File, Format Version 12.00
# Visual Studio Version 17
VisualStudioVersion = 17.0.32112.339
MinimumVisualStudioVersion = 10.0.40219.1
Project("{9A19103F-16F7-4668-BE54-9A1E7A4F7556}") = "VMEntities", "VMEntities\VMEntities.csproj", "{E7442466-60DB-442E-B1B7-5075793334D9}"
EndProject
Project("{9A19103F-16F7-4668-BE54-9A1E7A4F7556}") = "VMDataAccess", "VMDataAccess\VMDataAccess.csproj", "{2F496204-411A-48C1-BF37-2CF961B74765}"
EndProject
Project("{9A19103F-16F7-4668-BE54-9A1E7A4F7556}") = "VMBusiness", "VMBusiness\VMBusiness.csproj", "{E2C4DA72-5020-435C-82CE-F62C06F9895B}"
EndProject
Project("{FAE04EC0-301F-11D3-BF4B-00C04F79EFBC}") = "VMAPI", "VMAPI\VMAPI.csproj", "{1C0D4277-46F7-4072-87EF-1B90DAEC7709}"
EndProject
Global
	GlobalSection(SolutionConfigurationPlatforms) = preSolution
		Debug|Any CPU = Debug|Any CPU
		Release|Any CPU = Release|Any CPU
	EndGlobalSection
	GlobalSection(ProjectConfigurationPlatforms) = postSolution
		{E7442466-60DB-442E-B1B7-5075793334D9}.Debug|Any CPU.ActiveCfg = Debug|Any CPU
		{E7442466-60DB-442E-B1B7-5075793334D9}.Debug|Any CPU.Build.0 = Debug|Any CPU
		{E7442466-60DB-442E-B1B7-5075793334D9}.Release|Any CPU.ActiveCfg = Release|Any CPU
		{E7442466-60DB-442E-B1B7-5075793334D9}.Release|Any CPU.Build.0 = Release|Any CPU
		{2F496204-411A-48C1-BF37-2CF961B74765}.Debug|Any CPU.ActiveCfg = Debug|Any CPU
		{2F496204-411A-48C1-BF37-2CF961B74765}.Debug|Any CPU.Build.0 = Debug|Any CPU
		{2F496204-411A-48C1-BF37-2CF961B74765}.Release|Any CPU.ActiveCfg = Release|Any CPU
		{2F496204-411A-48C1-BF37-2CF961B74765}.Release|Any CPU.Build.0 = Release|Any CPU
		{E2C4DA72-5020-435C-82CE-F62C06F9895B}.Debug|Any CPU.ActiveCfg = Debug|Any CPU
		{E2C4DA72-5020-435C-82CE-F62C06F9895B}.Debug|Any CPU.Build.0 = Debug|Any CPU
		{E2C4DA72-5020-435C-82CE-F62C06F9895B}.Release|Any CPU.ActiveCfg = Release|Any CPU
		{E2C4DA72-5020-435C-82CE-F62C06F9895B}.Release|Any CPU.Build.0 = Release|Any CPU
		{1C0D4277-46F7-4072-87EF-1B90DAEC7709}.Debug|Any CPU.ActiveCfg = Debug|Any CPU
		{1C0D4277-46F7-4072-87EF-1B90DAEC7709}.Debug|Any CPU.Build.0 = Debug|Any CPU
		{1C0D4277-46F7-4072-87EF-1B90DAEC7709}.Release|Any CPU.ActiveCfg = Release|Any CPU
		{1C0D4277-46F7-4072-87EF-1B90DAEC7709}.Release|Any CPU.Build.0 = Release|Any CPU
	EndGlobalSection
	GlobalSection(SolutionProperties) = preSolution
		HideSolutionNode = FALSE
	EndGlobalSection
	GlobalSection(ExtensibilityGlobals) = postSolution
		SolutionGuid = {BC0FA4DC-99D0-402D-ADDB-68A167DF5336}
	EndGlobalSection
EndGlobal
